
Microsoft Visual Studio Solution File, Format Version 12.00
# Visual Studio 15
VisualStudioVersion = 15.0.28307.329
MinimumVisualStudioVersion = 10.0.40219.1
Project("{FAE04EC0-301F-11D3-BF4B-00C04F79EFBC}") = "FlashcardUIAutomatedTests", "FlashcardUIAutomatedTests\FlashcardUIAutomatedTests.csproj", "{1ACA131A-F494-4CE2-BB7B-2A738B091041}"
EndProject
Global
	GlobalSection(SolutionConfigurationPlatforms) = preSolution
		Debug|Any CPU = Debug|Any CPU
		Release|Any CPU = Release|Any CPU
	EndGlobalSection
	GlobalSection(ProjectConfigurationPlatforms) = postSolution
		{1ACA131A-F494-4CE2-BB7B-2A738B091041}.Debug|Any CPU.ActiveCfg = Debug|Any CPU
		{1ACA131A-F494-4CE2-BB7B-2A738B091041}.Debug|Any CPU.Build.0 = Debug|Any CPU
		{1ACA131A-F494-4CE2-BB7B-2A738B091041}.Release|Any CPU.ActiveCfg = Release|Any CPU
		{1ACA131A-F494-4CE2-BB7B-2A738B091041}.Release|Any CPU.Build.0 = Release|Any CPU
	EndGlobalSection
	GlobalSection(SolutionProperties) = preSolution
		HideSolutionNode = FALSE
	EndGlobalSection
	GlobalSection(ExtensibilityGlobals) = postSolution
		SolutionGuid = {567173FF-D95F-4475-BD38-6032F5863980}
	EndGlobalSection
EndGlobal
