
Microsoft Visual Studio Solution File, Format Version 12.00
# Visual Studio 15
VisualStudioVersion = 15.0.28307.329
MinimumVisualStudioVersion = 10.0.40219.1
Project("{9A19103F-16F7-4668-BE54-9A1E7A4F7556}") = "Flashcard.UI", "Flashcard.UI\Flashcard.UI.csproj", "{352FCA47-0589-496B-AE59-5F78C95BCE92}"
EndProject
Project("{2150E333-8FDC-42A3-9474-1A3956D46DE8}") = "Bussines", "Bussines", "{DE588042-ABD5-493B-ADEA-72FD2AEA4B71}"
EndProject
Project("{9A19103F-16F7-4668-BE54-9A1E7A4F7556}") = "DataModel", "..\Business\DataModel\DataModel.csproj", "{05A84868-2D62-4EBA-8DB7-04B94CEBD50E}"
EndProject
Global
	GlobalSection(SolutionConfigurationPlatforms) = preSolution
		Debug|Any CPU = Debug|Any CPU
		Release|Any CPU = Release|Any CPU
	EndGlobalSection
	GlobalSection(ProjectConfigurationPlatforms) = postSolution
		{352FCA47-0589-496B-AE59-5F78C95BCE92}.Debug|Any CPU.ActiveCfg = Debug|Any CPU
		{352FCA47-0589-496B-AE59-5F78C95BCE92}.Debug|Any CPU.Build.0 = Debug|Any CPU
		{352FCA47-0589-496B-AE59-5F78C95BCE92}.Release|Any CPU.ActiveCfg = Release|Any CPU
		{352FCA47-0589-496B-AE59-5F78C95BCE92}.Release|Any CPU.Build.0 = Release|Any CPU
		{05A84868-2D62-4EBA-8DB7-04B94CEBD50E}.Debug|Any CPU.ActiveCfg = Debug|Any CPU
		{05A84868-2D62-4EBA-8DB7-04B94CEBD50E}.Debug|Any CPU.Build.0 = Debug|Any CPU
		{05A84868-2D62-4EBA-8DB7-04B94CEBD50E}.Release|Any CPU.ActiveCfg = Release|Any CPU
		{05A84868-2D62-4EBA-8DB7-04B94CEBD50E}.Release|Any CPU.Build.0 = Release|Any CPU
	EndGlobalSection
	GlobalSection(SolutionProperties) = preSolution
		HideSolutionNode = FALSE
	EndGlobalSection
	GlobalSection(NestedProjects) = preSolution
		{05A84868-2D62-4EBA-8DB7-04B94CEBD50E} = {DE588042-ABD5-493B-ADEA-72FD2AEA4B71}
	EndGlobalSection
	GlobalSection(ExtensibilityGlobals) = postSolution
		SolutionGuid = {CA6D24A3-5F68-4EE5-8E44-DD22E0EF6B5A}
	EndGlobalSection
EndGlobal
