
Microsoft Visual Studio Solution File, Format Version 12.00
# Visual Studio Version 16
VisualStudioVersion = 16.0.30611.23
MinimumVisualStudioVersion = 10.0.40219.1
Project("{FAE04EC0-301F-11D3-BF4B-00C04F79EFBC}") = "SimpleAmgularAppWebAPI", "SimpleAmgularAppWebAPI\SimpleAmgularAppWebAPI.csproj", "{46B09AFD-E87C-453B-BF36-7441F7EBDF14}"
EndProject
Global
	GlobalSection(SolutionConfigurationPlatforms) = preSolution
		Debug|Any CPU = Debug|Any CPU
		Release|Any CPU = Release|Any CPU
	EndGlobalSection
	GlobalSection(ProjectConfigurationPlatforms) = postSolution
		{46B09AFD-E87C-453B-BF36-7441F7EBDF14}.Debug|Any CPU.ActiveCfg = Debug|Any CPU
		{46B09AFD-E87C-453B-BF36-7441F7EBDF14}.Debug|Any CPU.Build.0 = Debug|Any CPU
		{46B09AFD-E87C-453B-BF36-7441F7EBDF14}.Release|Any CPU.ActiveCfg = Release|Any CPU
		{46B09AFD-E87C-453B-BF36-7441F7EBDF14}.Release|Any CPU.Build.0 = Release|Any CPU
	EndGlobalSection
	GlobalSection(SolutionProperties) = preSolution
		HideSolutionNode = FALSE
	EndGlobalSection
	GlobalSection(ExtensibilityGlobals) = postSolution
		SolutionGuid = {7A98307C-69D9-47EC-800C-B9A4B5F4B9D4}
	EndGlobalSection
EndGlobal
